{
  "name": "ffile-management-project",
  "version": "1.0.0",
  "lockfileVersion": 3,
  "requires": true,
  "packages": {
    "": {
      "name": "ffile-management-project",
      "version": "1.0.0",
      "license": "ISC",
      "dependencies": {
        "ddatess-difference-calculator": "^1.0.0",
        "readline-sync": "^1.4.10"
      }
    },
    "node_modules/ddatess-difference-calculator": {
      "version": "1.0.0",
      "resolved": "https://registry.npmjs.org/ddatess-difference-calculator/-/ddatess-difference-calculator-1.0.0.tgz",
      "integrity": "sha512-s5iIht41vCop4z1NXxQYmI5DcxUoFwH4cZe1kGKW70BHZYx7t3DSb/hqF6vJgn/AUQ8bEIa7IJwmBvf0TzCaDQ=="
    },
    "node_modules/readline-sync": {
      "version": "1.4.10",
      "resolved": "https://registry.npmjs.org/readline-sync/-/readline-sync-1.4.10.tgz",
      "integrity": "sha512-gNva8/6UAe8QYepIQH/jQ2qn91Qj0B9sYjMBBs3QOB8F2CXcKgLxQaJRP76sWVRQt+QU+8fAkCbCvjjMFu7Ycw==",
      "engines": {
        "node": ">= 0.8.0"
      }
    }
  }
}
